// !$*UTF8*$!
{
	archiveVersion = 1;
	classes = {
	};
	objectVersion = 56;
	objects = {

/* Begin PBXBuildFile section */
		A35BB8722CF6FC04003F1D1E /* BudgetAppApp.swift in Sources */ = {isa = PBXBuildFile; fileRef = A35BB8712CF6FC04003F1D1E /* BudgetAppApp.swift */; };
		A35BB8762CF6FC05003F1D1E /* Assets.xcassets in Resources */ = {isa = PBXBuildFile; fileRef = A35BB8752CF6FC05003F1D1E /* Assets.xcassets */; };
		A35BB87A2CF6FC05003F1D1E /* Preview Assets.xcassets in Resources */ = {isa = PBXBuildFile; fileRef = A35BB8792CF6FC05003F1D1E /* Preview Assets.xcassets */; };
		A35BB8832CF6FD29003F1D1E /* CoreDataProvider.swift in Sources */ = {isa = PBXBuildFile; fileRef = A35BB8822CF6FD28003F1D1E /* CoreDataProvider.swift */; };
		A35BB8872CF6FD49003F1D1E /* CoreDataModel.xcdatamodeld in Sources */ = {isa = PBXBuildFile; fileRef = A35BB8852CF6FD49003F1D1E /* CoreDataModel.xcdatamodeld */; };
		A35BB8892CF6FDA2003F1D1E /* CoreDataError.swift in Sources */ = {isa = PBXBuildFile; fileRef = A35BB8882CF6FDA2003F1D1E /* CoreDataError.swift */; };
		A35BB88D2CF6FDE1003F1D1E /* SelectFromView.swift in Sources */ = {isa = PBXBuildFile; fileRef = A35BB88C2CF6FDE1003F1D1E /* SelectFromView.swift */; };
		A35BB88F2CF6FE1D003F1D1E /* CustomInputField.swift in Sources */ = {isa = PBXBuildFile; fileRef = A35BB88E2CF6FE1D003F1D1E /* CustomInputField.swift */; };
		A35BB8912CF6FE42003F1D1E /* SimpleDropDownMenu.swift in Sources */ = {isa = PBXBuildFile; fileRef = A35BB8902CF6FE42003F1D1E /* SimpleDropDownMenu.swift */; };
		A35BB8942CF6FE68003F1D1E /* CustomButtonView.swift in Sources */ = {isa = PBXBuildFile; fileRef = A35BB8932CF6FE68003F1D1E /* CustomButtonView.swift */; };
		A35BB8972CF6FE90003F1D1E /* ColorTheme.swift in Sources */ = {isa = PBXBuildFile; fileRef = A35BB8962CF6FE90003F1D1E /* ColorTheme.swift */; };
		A35BB89C2CF6FEEB003F1D1E /* AccountsView.swift in Sources */ = {isa = PBXBuildFile; fileRef = A35BB89B2CF6FEEB003F1D1E /* AccountsView.swift */; };
		A35BB8A12CF6FF21003F1D1E /* ReportsView.swift in Sources */ = {isa = PBXBuildFile; fileRef = A35BB8A02CF6FF21003F1D1E /* ReportsView.swift */; };
		A35BB8A62CF6FF7B003F1D1E /* BudgetUseCases.swift in Sources */ = {isa = PBXBuildFile; fileRef = A35BB8A52CF6FF7B003F1D1E /* BudgetUseCases.swift */; };
		A35BB8A92CF6FFA6003F1D1E /* InsertBudgetListItemsRepositoryProtocol.swift in Sources */ = {isa = PBXBuildFile; fileRef = A35BB8A82CF6FFA6003F1D1E /* InsertBudgetListItemsRepositoryProtocol.swift */; };
		A35BB8AB2CF6FFBC003F1D1E /* GetBudtetListRepositoryProtocol.swift in Sources */ = {isa = PBXBuildFile; fileRef = A35BB8AA2CF6FFBC003F1D1E /* GetBudtetListRepositoryProtocol.swift */; };
		A35BB8AE2CF6FFDA003F1D1E /* BudgetItemEntity.swift in Sources */ = {isa = PBXBuildFile; fileRef = A35BB8AD2CF6FFDA003F1D1E /* BudgetItemEntity.swift */; };
		A35BB8B22CF7000C003F1D1E /* BudgetRepository.swift in Sources */ = {isa = PBXBuildFile; fileRef = A35BB8B12CF7000C003F1D1E /* BudgetRepository.swift */; };
		A35BB8B62CF70042003F1D1E /* BudgetItemsLocalDataSource.swift in Sources */ = {isa = PBXBuildFile; fileRef = A35BB8B52CF70041003F1D1E /* BudgetItemsLocalDataSource.swift */; };
		A35BB8BA2CF7007F003F1D1E /* BudgetViewModel.swift in Sources */ = {isa = PBXBuildFile; fileRef = A35BB8B92CF7007E003F1D1E /* BudgetViewModel.swift */; };
		A35BB8BD2CF70107003F1D1E /* BudgetView.swift in Sources */ = {isa = PBXBuildFile; fileRef = A35BB8BC2CF70107003F1D1E /* BudgetView.swift */; };
		A35BB8BF2CF70129003F1D1E /* BudgetSuccessView.swift in Sources */ = {isa = PBXBuildFile; fileRef = A35BB8BE2CF70129003F1D1E /* BudgetSuccessView.swift */; };
		A35BB8C42CF70193003F1D1E /* HomeView.swift in Sources */ = {isa = PBXBuildFile; fileRef = A35BB8C32CF70193003F1D1E /* HomeView.swift */; };
		A35BB8C62CF701AE003F1D1E /* HorizontalBar.swift in Sources */ = {isa = PBXBuildFile; fileRef = A35BB8C52CF701AE003F1D1E /* HorizontalBar.swift */; };
		A35BB8C82CF701C0003F1D1E /* BudgetItemRow.swift in Sources */ = {isa = PBXBuildFile; fileRef = A35BB8C72CF701C0003F1D1E /* BudgetItemRow.swift */; };
		A35BB8CA2CF701D9003F1D1E /* RecentTransactionRow.swift in Sources */ = {isa = PBXBuildFile; fileRef = A35BB8C92CF701D9003F1D1E /* RecentTransactionRow.swift */; };
		A35BB8CF2CF7020D003F1D1E /* TabIdentifier.swift in Sources */ = {isa = PBXBuildFile; fileRef = A35BB8CE2CF7020D003F1D1E /* TabIdentifier.swift */; };
		A35BB8D32CF70256003F1D1E /* DashboardViewModel.swift in Sources */ = {isa = PBXBuildFile; fileRef = A35BB8D22CF70256003F1D1E /* DashboardViewModel.swift */; };
		A35BB8D62CF7026D003F1D1E /* DashboardView.swift in Sources */ = {isa = PBXBuildFile; fileRef = A35BB8D52CF7026D003F1D1E /* DashboardView.swift */; };
		A35BB8D92CF702C2003F1D1E /* RootView.swift in Sources */ = {isa = PBXBuildFile; fileRef = A35BB8D82CF702C2003F1D1E /* RootView.swift */; };
/* End PBXBuildFile section */

/* Begin PBXFileReference section */
		A35BB86E2CF6FC04003F1D1E /* BudgetApp.app */ = {isa = PBXFileReference; explicitFileType = wrapper.application; includeInIndex = 0; path = BudgetApp.app; sourceTree = BUILT_PRODUCTS_DIR; };
		A35BB8712CF6FC04003F1D1E /* BudgetAppApp.swift */ = {isa = PBXFileReference; lastKnownFileType = sourcecode.swift; path = BudgetAppApp.swift; sourceTree = "<group>"; };
		A35BB8752CF6FC05003F1D1E /* Assets.xcassets */ = {isa = PBXFileReference; lastKnownFileType = folder.assetcatalog; path = Assets.xcassets; sourceTree = "<group>"; };
		A35BB8772CF6FC05003F1D1E /* BudgetApp.entitlements */ = {isa = PBXFileReference; lastKnownFileType = text.plist.entitlements; path = BudgetApp.entitlements; sourceTree = "<group>"; };
		A35BB8792CF6FC05003F1D1E /* Preview Assets.xcassets */ = {isa = PBXFileReference; lastKnownFileType = folder.assetcatalog; path = "Preview Assets.xcassets"; sourceTree = "<group>"; };
		A35BB8822CF6FD28003F1D1E /* CoreDataProvider.swift */ = {isa = PBXFileReference; lastKnownFileType = sourcecode.swift; path = CoreDataProvider.swift; sourceTree = "<group>"; };
		A35BB8862CF6FD49003F1D1E /* CoreDataModel.xcdatamodel */ = {isa = PBXFileReference; lastKnownFileType = wrapper.xcdatamodel; path = CoreDataModel.xcdatamodel; sourceTree = "<group>"; };
		A35BB8882CF6FDA2003F1D1E /* CoreDataError.swift */ = {isa = PBXFileReference; lastKnownFileType = sourcecode.swift; path = CoreDataError.swift; sourceTree = "<group>"; };
		A35BB88C2CF6FDE1003F1D1E /* SelectFromView.swift */ = {isa = PBXFileReference; lastKnownFileType = sourcecode.swift; path = SelectFromView.swift; sourceTree = "<group>"; };
		A35BB88E2CF6FE1D003F1D1E /* CustomInputField.swift */ = {isa = PBXFileReference; lastKnownFileType = sourcecode.swift; path = CustomInputField.swift; sourceTree = "<group>"; };
		A35BB8902CF6FE42003F1D1E /* SimpleDropDownMenu.swift */ = {isa = PBXFileReference; lastKnownFileType = sourcecode.swift; path = SimpleDropDownMenu.swift; sourceTree = "<group>"; };
		A35BB8932CF6FE68003F1D1E /* CustomButtonView.swift */ = {isa = PBXFileReference; lastKnownFileType = sourcecode.swift; path = CustomButtonView.swift; sourceTree = "<group>"; };
		A35BB8962CF6FE90003F1D1E /* ColorTheme.swift */ = {isa = PBXFileReference; lastKnownFileType = sourcecode.swift; path = ColorTheme.swift; sourceTree = "<group>"; };
		A35BB89B2CF6FEEB003F1D1E /* AccountsView.swift */ = {isa = PBXFileReference; lastKnownFileType = sourcecode.swift; path = AccountsView.swift; sourceTree = "<group>"; };
		A35BB8A02CF6FF21003F1D1E /* ReportsView.swift */ = {isa = PBXFileReference; lastKnownFileType = sourcecode.swift; path = ReportsView.swift; sourceTree = "<group>"; };
		A35BB8A52CF6FF7B003F1D1E /* BudgetUseCases.swift */ = {isa = PBXFileReference; lastKnownFileType = sourcecode.swift; path = BudgetUseCases.swift; sourceTree = "<group>"; };
		A35BB8A82CF6FFA6003F1D1E /* InsertBudgetListItemsRepositoryProtocol.swift */ = {isa = PBXFileReference; lastKnownFileType = sourcecode.swift; path = InsertBudgetListItemsRepositoryProtocol.swift; sourceTree = "<group>"; };
		A35BB8AA2CF6FFBC003F1D1E /* GetBudtetListRepositoryProtocol.swift */ = {isa = PBXFileReference; lastKnownFileType = sourcecode.swift; path = GetBudtetListRepositoryProtocol.swift; sourceTree = "<group>"; };
		A35BB8AD2CF6FFDA003F1D1E /* BudgetItemEntity.swift */ = {isa = PBXFileReference; lastKnownFileType = sourcecode.swift; path = BudgetItemEntity.swift; sourceTree = "<group>"; };
		A35BB8B12CF7000C003F1D1E /* BudgetRepository.swift */ = {isa = PBXFileReference; lastKnownFileType = sourcecode.swift; path = BudgetRepository.swift; sourceTree = "<group>"; };
		A35BB8B52CF70041003F1D1E /* BudgetItemsLocalDataSource.swift */ = {isa = PBXFileReference; lastKnownFileType = sourcecode.swift; path = BudgetItemsLocalDataSource.swift; sourceTree = "<group>"; };
		A35BB8B92CF7007E003F1D1E /* BudgetViewModel.swift */ = {isa = PBXFileReference; lastKnownFileType = sourcecode.swift; path = BudgetViewModel.swift; sourceTree = "<group>"; };
		A35BB8BC2CF70107003F1D1E /* BudgetView.swift */ = {isa = PBXFileReference; lastKnownFileType = sourcecode.swift; path = BudgetView.swift; sourceTree = "<group>"; };
		A35BB8BE2CF70129003F1D1E /* BudgetSuccessView.swift */ = {isa = PBXFileReference; lastKnownFileType = sourcecode.swift; path = BudgetSuccessView.swift; sourceTree = "<group>"; };
		A35BB8C32CF70193003F1D1E /* HomeView.swift */ = {isa = PBXFileReference; lastKnownFileType = sourcecode.swift; path = HomeView.swift; sourceTree = "<group>"; };
		A35BB8C52CF701AE003F1D1E /* HorizontalBar.swift */ = {isa = PBXFileReference; lastKnownFileType = sourcecode.swift; path = HorizontalBar.swift; sourceTree = "<group>"; };
		A35BB8C72CF701C0003F1D1E /* BudgetItemRow.swift */ = {isa = PBXFileReference; lastKnownFileType = sourcecode.swift; path = BudgetItemRow.swift; sourceTree = "<group>"; };
		A35BB8C92CF701D9003F1D1E /* RecentTransactionRow.swift */ = {isa = PBXFileReference; lastKnownFileType = sourcecode.swift; path = RecentTransactionRow.swift; sourceTree = "<group>"; };
		A35BB8CE2CF7020D003F1D1E /* TabIdentifier.swift */ = {isa = PBXFileReference; lastKnownFileType = sourcecode.swift; path = TabIdentifier.swift; sourceTree = "<group>"; };
		A35BB8D22CF70256003F1D1E /* DashboardViewModel.swift */ = {isa = PBXFileReference; lastKnownFileType = sourcecode.swift; path = DashboardViewModel.swift; sourceTree = "<group>"; };
		A35BB8D52CF7026D003F1D1E /* DashboardView.swift */ = {isa = PBXFileReference; lastKnownFileType = sourcecode.swift; path = DashboardView.swift; sourceTree = "<group>"; };
		A35BB8D82CF702C2003F1D1E /* RootView.swift */ = {isa = PBXFileReference; lastKnownFileType = sourcecode.swift; path = RootView.swift; sourceTree = "<group>"; };
/* End PBXFileReference section */

/* Begin PBXFrameworksBuildPhase section */
		A35BB86B2CF6FC04003F1D1E /* Frameworks */ = {
			isa = PBXFrameworksBuildPhase;
			buildActionMask = 2147483647;
			files = (
			);
			runOnlyForDeploymentPostprocessing = 0;
		};
/* End PBXFrameworksBuildPhase section */

/* Begin PBXGroup section */
		A35BB8652CF6FC04003F1D1E = {
			isa = PBXGroup;
			children = (
				A35BB8702CF6FC04003F1D1E /* BudgetApp */,
				A35BB86F2CF6FC04003F1D1E /* Products */,
			);
			sourceTree = "<group>";
		};
		A35BB86F2CF6FC04003F1D1E /* Products */ = {
			isa = PBXGroup;
			children = (
				A35BB86E2CF6FC04003F1D1E /* BudgetApp.app */,
			);
			name = Products;
			sourceTree = "<group>";
		};
		A35BB8702CF6FC04003F1D1E /* BudgetApp */ = {
			isa = PBXGroup;
			children = (
				A35BB8DA2CF702ED003F1D1E /* App */,
				A35BB8D72CF70295003F1D1E /* Root */,
				A35BB8982CF6FEB2003F1D1E /* Features */,
				A35BB8802CF6FD07003F1D1E /* Core */,
				A35BB8752CF6FC05003F1D1E /* Assets.xcassets */,
				A35BB8772CF6FC05003F1D1E /* BudgetApp.entitlements */,
				A35BB8782CF6FC05003F1D1E /* Preview Content */,
			);
			path = BudgetApp;
			sourceTree = "<group>";
		};
		A35BB8782CF6FC05003F1D1E /* Preview Content */ = {
			isa = PBXGroup;
			children = (
				A35BB8792CF6FC05003F1D1E /* Preview Assets.xcassets */,
			);
			path = "Preview Content";
			sourceTree = "<group>";
		};
		A35BB8802CF6FD07003F1D1E /* Core */ = {
			isa = PBXGroup;
			children = (
				A35BB8952CF6FE83003F1D1E /* Color */,
				A35BB88A2CF6FDC0003F1D1E /* Components */,
				A35BB8842CF6FD40003F1D1E /* Models */,
				A35BB8812CF6FD1A003F1D1E /* Providers */,
			);
			path = Core;
			sourceTree = "<group>";
		};
		A35BB8812CF6FD1A003F1D1E /* Providers */ = {
			isa = PBXGroup;
			children = (
				A35BB8822CF6FD28003F1D1E /* CoreDataProvider.swift */,
			);
			path = Providers;
			sourceTree = "<group>";
		};
		A35BB8842CF6FD40003F1D1E /* Models */ = {
			isa = PBXGroup;
			children = (
				A35BB8852CF6FD49003F1D1E /* CoreDataModel.xcdatamodeld */,
				A35BB8882CF6FDA2003F1D1E /* CoreDataError.swift */,
			);
			path = Models;
			sourceTree = "<group>";
		};
		A35BB88A2CF6FDC0003F1D1E /* Components */ = {
			isa = PBXGroup;
			children = (
				A35BB8922CF6FE5C003F1D1E /* Buttons */,
				A35BB88B2CF6FDCB003F1D1E /* Inputs */,
			);
			path = Components;
			sourceTree = "<group>";
		};
		A35BB88B2CF6FDCB003F1D1E /* Inputs */ = {
			isa = PBXGroup;
			children = (
				A35BB88C2CF6FDE1003F1D1E /* SelectFromView.swift */,
				A35BB88E2CF6FE1D003F1D1E /* CustomInputField.swift */,
				A35BB8902CF6FE42003F1D1E /* SimpleDropDownMenu.swift */,
			);
			path = Inputs;
			sourceTree = "<group>";
		};
		A35BB8922CF6FE5C003F1D1E /* Buttons */ = {
			isa = PBXGroup;
			children = (
				A35BB8932CF6FE68003F1D1E /* CustomButtonView.swift */,
			);
			path = Buttons;
			sourceTree = "<group>";
		};
		A35BB8952CF6FE83003F1D1E /* Color */ = {
			isa = PBXGroup;
			children = (
				A35BB8962CF6FE90003F1D1E /* ColorTheme.swift */,
			);
			path = Color;
			sourceTree = "<group>";
		};
		A35BB8982CF6FEB2003F1D1E /* Features */ = {
			isa = PBXGroup;
			children = (
				A35BB8CB2CF701F3003F1D1E /* Dashboard */,
				A35BB8C02CF70166003F1D1E /* Home */,
				A35BB8A22CF6FF3C003F1D1E /* Bugdets */,
				A35BB89D2CF6FF07003F1D1E /* Reports */,
				A35BB8992CF6FEB9003F1D1E /* Accounts */,
			);
			path = Features;
			sourceTree = "<group>";
		};
		A35BB8992CF6FEB9003F1D1E /* Accounts */ = {
			isa = PBXGroup;
			children = (
				A35BB89A2CF6FEC7003F1D1E /* Presentation */,
			);
			path = Accounts;
			sourceTree = "<group>";
		};
		A35BB89A2CF6FEC7003F1D1E /* Presentation */ = {
			isa = PBXGroup;
			children = (
				A35BB89B2CF6FEEB003F1D1E /* AccountsView.swift */,
			);
			path = Presentation;
			sourceTree = "<group>";
		};
		A35BB89D2CF6FF07003F1D1E /* Reports */ = {
			isa = PBXGroup;
			children = (
				A35BB89E2CF6FF0C003F1D1E /* Presentation */,
			);
			path = Reports;
			sourceTree = "<group>";
		};
		A35BB89E2CF6FF0C003F1D1E /* Presentation */ = {
			isa = PBXGroup;
			children = (
				A35BB89F2CF6FF11003F1D1E /* Views */,
			);
			path = Presentation;
			sourceTree = "<group>";
		};
		A35BB89F2CF6FF11003F1D1E /* Views */ = {
			isa = PBXGroup;
			children = (
				A35BB8A02CF6FF21003F1D1E /* ReportsView.swift */,
			);
			path = Views;
			sourceTree = "<group>";
		};
		A35BB8A22CF6FF3C003F1D1E /* Bugdets */ = {
			isa = PBXGroup;
			children = (
				A35BB8B72CF70066003F1D1E /* Presentation */,
				A35BB8AF2CF6FFF3003F1D1E /* Data */,
				A35BB8A32CF6FF52003F1D1E /* Domain */,
			);
			path = Bugdets;
			sourceTree = "<group>";
		};
		A35BB8A32CF6FF52003F1D1E /* Domain */ = {
			isa = PBXGroup;
			children = (
				A35BB8AC2CF6FFCE003F1D1E /* Entities */,
				A35BB8A72CF6FF96003F1D1E /* Repository */,
				A35BB8A42CF6FF61003F1D1E /* UseCases */,
			);
			path = Domain;
			sourceTree = "<group>";
		};
		A35BB8A42CF6FF61003F1D1E /* UseCases */ = {
			isa = PBXGroup;
			children = (
				A35BB8A52CF6FF7B003F1D1E /* BudgetUseCases.swift */,
			);
			path = UseCases;
			sourceTree = "<group>";
		};
		A35BB8A72CF6FF96003F1D1E /* Repository */ = {
			isa = PBXGroup;
			children = (
				A35BB8A82CF6FFA6003F1D1E /* InsertBudgetListItemsRepositoryProtocol.swift */,
				A35BB8AA2CF6FFBC003F1D1E /* GetBudtetListRepositoryProtocol.swift */,
			);
			path = Repository;
			sourceTree = "<group>";
		};
		A35BB8AC2CF6FFCE003F1D1E /* Entities */ = {
			isa = PBXGroup;
			children = (
				A35BB8AD2CF6FFDA003F1D1E /* BudgetItemEntity.swift */,
			);
			path = Entities;
			sourceTree = "<group>";
		};
		A35BB8AF2CF6FFF3003F1D1E /* Data */ = {
			isa = PBXGroup;
			children = (
				A35BB8B32CF7002D003F1D1E /* DataSource */,
				A35BB8B02CF6FFF6003F1D1E /* Repository */,
			);
			path = Data;
			sourceTree = "<group>";
		};
		A35BB8B02CF6FFF6003F1D1E /* Repository */ = {
			isa = PBXGroup;
			children = (
				A35BB8B12CF7000C003F1D1E /* BudgetRepository.swift */,
			);
			path = Repository;
			sourceTree = "<group>";
		};
		A35BB8B32CF7002D003F1D1E /* DataSource */ = {
			isa = PBXGroup;
			children = (
				A35BB8B42CF70039003F1D1E /* LocalData */,
			);
			path = DataSource;
			sourceTree = "<group>";
		};
		A35BB8B42CF70039003F1D1E /* LocalData */ = {
			isa = PBXGroup;
			children = (
				A35BB8B52CF70041003F1D1E /* BudgetItemsLocalDataSource.swift */,
			);
			path = LocalData;
			sourceTree = "<group>";
		};
		A35BB8B72CF70066003F1D1E /* Presentation */ = {
			isa = PBXGroup;
			children = (
				A35BB8BB2CF70101003F1D1E /* Views */,
				A35BB8B82CF7006C003F1D1E /* ViewModels */,
			);
			path = Presentation;
			sourceTree = "<group>";
		};
		A35BB8B82CF7006C003F1D1E /* ViewModels */ = {
			isa = PBXGroup;
			children = (
				A35BB8B92CF7007E003F1D1E /* BudgetViewModel.swift */,
			);
			path = ViewModels;
			sourceTree = "<group>";
		};
		A35BB8BB2CF70101003F1D1E /* Views */ = {
			isa = PBXGroup;
			children = (
				A35BB8BC2CF70107003F1D1E /* BudgetView.swift */,
				A35BB8BE2CF70129003F1D1E /* BudgetSuccessView.swift */,
			);
			path = Views;
			sourceTree = "<group>";
		};
		A35BB8C02CF70166003F1D1E /* Home */ = {
			isa = PBXGroup;
			children = (
				A35BB8C12CF7017C003F1D1E /* Presentation */,
			);
			path = Home;
			sourceTree = "<group>";
		};
		A35BB8C12CF7017C003F1D1E /* Presentation */ = {
			isa = PBXGroup;
			children = (
				A35BB8C22CF70182003F1D1E /* Views */,
			);
			path = Presentation;
			sourceTree = "<group>";
		};
		A35BB8C22CF70182003F1D1E /* Views */ = {
			isa = PBXGroup;
			children = (
				A35BB8C32CF70193003F1D1E /* HomeView.swift */,
				A35BB8C52CF701AE003F1D1E /* HorizontalBar.swift */,
				A35BB8C72CF701C0003F1D1E /* BudgetItemRow.swift */,
				A35BB8C92CF701D9003F1D1E /* RecentTransactionRow.swift */,
			);
			path = Views;
			sourceTree = "<group>";
		};
		A35BB8CB2CF701F3003F1D1E /* Dashboard */ = {
			isa = PBXGroup;
			children = (
				A35BB8D02CF70239003F1D1E /* Presentation */,
				A35BB8CC2CF701F9003F1D1E /* Domain */,
			);
			path = Dashboard;
			sourceTree = "<group>";
		};
		A35BB8CC2CF701F9003F1D1E /* Domain */ = {
			isa = PBXGroup;
			children = (
				A35BB8CD2CF701FD003F1D1E /* Entities */,
			);
			path = Domain;
			sourceTree = "<group>";
		};
		A35BB8CD2CF701FD003F1D1E /* Entities */ = {
			isa = PBXGroup;
			children = (
				A35BB8CE2CF7020D003F1D1E /* TabIdentifier.swift */,
			);
			path = Entities;
			sourceTree = "<group>";
		};
		A35BB8D02CF70239003F1D1E /* Presentation */ = {
			isa = PBXGroup;
			children = (
				A35BB8D42CF70266003F1D1E /* Views */,
				A35BB8D12CF70245003F1D1E /* ViewModels */,
			);
			path = Presentation;
			sourceTree = "<group>";
		};
		A35BB8D12CF70245003F1D1E /* ViewModels */ = {
			isa = PBXGroup;
			children = (
				A35BB8D22CF70256003F1D1E /* DashboardViewModel.swift */,
			);
			path = ViewModels;
			sourceTree = "<group>";
		};
		A35BB8D42CF70266003F1D1E /* Views */ = {
			isa = PBXGroup;
			children = (
				A35BB8D52CF7026D003F1D1E /* DashboardView.swift */,
			);
			path = Views;
			sourceTree = "<group>";
		};
		A35BB8D72CF70295003F1D1E /* Root */ = {
			isa = PBXGroup;
			children = (
				A35BB8D82CF702C2003F1D1E /* RootView.swift */,
			);
			path = Root;
			sourceTree = "<group>";
		};
		A35BB8DA2CF702ED003F1D1E /* App */ = {
			isa = PBXGroup;
			children = (
				A35BB8712CF6FC04003F1D1E /* BudgetAppApp.swift */,
			);
			path = App;
			sourceTree = "<group>";
		};
/* End PBXGroup section */

/* Begin PBXNativeTarget section */
		A35BB86D2CF6FC04003F1D1E /* BudgetApp */ = {
			isa = PBXNativeTarget;
			buildConfigurationList = A35BB87D2CF6FC05003F1D1E /* Build configuration list for PBXNativeTarget "BudgetApp" */;
			buildPhases = (
				A35BB86A2CF6FC04003F1D1E /* Sources */,
				A35BB86B2CF6FC04003F1D1E /* Frameworks */,
				A35BB86C2CF6FC04003F1D1E /* Resources */,
			);
			buildRules = (
			);
			dependencies = (
			);
			name = BudgetApp;
			productName = BudgetApp;
			productReference = A35BB86E2CF6FC04003F1D1E /* BudgetApp.app */;
			productType = "com.apple.product-type.application";
		};
/* End PBXNativeTarget section */

/* Begin PBXProject section */
		A35BB8662CF6FC04003F1D1E /* Project object */ = {
			isa = PBXProject;
			attributes = {
				BuildIndependentTargetsInParallel = 1;
				LastSwiftUpdateCheck = 1540;
				LastUpgradeCheck = 1540;
				TargetAttributes = {
					A35BB86D2CF6FC04003F1D1E = {
						CreatedOnToolsVersion = 15.4;
					};
				};
			};
			buildConfigurationList = A35BB8692CF6FC04003F1D1E /* Build configuration list for PBXProject "BudgetApp" */;
			compatibilityVersion = "Xcode 14.0";
			developmentRegion = en;
			hasScannedForEncodings = 0;
			knownRegions = (
				en,
				Base,
			);
			mainGroup = A35BB8652CF6FC04003F1D1E;
			productRefGroup = A35BB86F2CF6FC04003F1D1E /* Products */;
			projectDirPath = "";
			projectRoot = "";
			targets = (
				A35BB86D2CF6FC04003F1D1E /* BudgetApp */,
			);
		};
/* End PBXProject section */

/* Begin PBXResourcesBuildPhase section */
		A35BB86C2CF6FC04003F1D1E /* Resources */ = {
			isa = PBXResourcesBuildPhase;
			buildActionMask = 2147483647;
			files = (
				A35BB87A2CF6FC05003F1D1E /* Preview Assets.xcassets in Resources */,
				A35BB8762CF6FC05003F1D1E /* Assets.xcassets in Resources */,
			);
			runOnlyForDeploymentPostprocessing = 0;
		};
/* End PBXResourcesBuildPhase section */

/* Begin PBXSourcesBuildPhase section */
		A35BB86A2CF6FC04003F1D1E /* Sources */ = {
			isa = PBXSourcesBuildPhase;
			buildActionMask = 2147483647;
			files = (
				A35BB8C82CF701C0003F1D1E /* BudgetItemRow.swift in Sources */,
				A35BB88D2CF6FDE1003F1D1E /* SelectFromView.swift in Sources */,
				A35BB8972CF6FE90003F1D1E /* ColorTheme.swift in Sources */,
				A35BB8D32CF70256003F1D1E /* DashboardViewModel.swift in Sources */,
				A35BB8CA2CF701D9003F1D1E /* RecentTransactionRow.swift in Sources */,
				A35BB8BA2CF7007F003F1D1E /* BudgetViewModel.swift in Sources */,
				A35BB8D92CF702C2003F1D1E /* RootView.swift in Sources */,
				A35BB8722CF6FC04003F1D1E /* BudgetAppApp.swift in Sources */,
				A35BB8C42CF70193003F1D1E /* HomeView.swift in Sources */,
				A35BB8A92CF6FFA6003F1D1E /* InsertBudgetListItemsRepositoryProtocol.swift in Sources */,
				A35BB8AB2CF6FFBC003F1D1E /* GetBudtetListRepositoryProtocol.swift in Sources */,
				A35BB8942CF6FE68003F1D1E /* CustomButtonView.swift in Sources */,
				A35BB8892CF6FDA2003F1D1E /* CoreDataError.swift in Sources */,
				A35BB8BD2CF70107003F1D1E /* BudgetView.swift in Sources */,
				A35BB8AE2CF6FFDA003F1D1E /* BudgetItemEntity.swift in Sources */,
				A35BB88F2CF6FE1D003F1D1E /* CustomInputField.swift in Sources */,
				A35BB89C2CF6FEEB003F1D1E /* AccountsView.swift in Sources */,
				A35BB8D62CF7026D003F1D1E /* DashboardView.swift in Sources */,
				A35BB8CF2CF7020D003F1D1E /* TabIdentifier.swift in Sources */,
				A35BB8C62CF701AE003F1D1E /* HorizontalBar.swift in Sources */,
				A35BB8BF2CF70129003F1D1E /* BudgetSuccessView.swift in Sources */,
				A35BB8872CF6FD49003F1D1E /* CoreDataModel.xcdatamodeld in Sources */,
				A35BB8832CF6FD29003F1D1E /* CoreDataProvider.swift in Sources */,
				A35BB8A12CF6FF21003F1D1E /* ReportsView.swift in Sources */,
				A35BB8B22CF7000C003F1D1E /* BudgetRepository.swift in Sources */,
				A35BB8912CF6FE42003F1D1E /* SimpleDropDownMenu.swift in Sources */,
				A35BB8B62CF70042003F1D1E /* BudgetItemsLocalDataSource.swift in Sources */,
				A35BB8A62CF6FF7B003F1D1E /* BudgetUseCases.swift in Sources */,
			);
			runOnlyForDeploymentPostprocessing = 0;
		};
/* End PBXSourcesBuildPhase section */

/* Begin XCBuildConfiguration section */
		A35BB87B2CF6FC05003F1D1E /* Debug */ = {
			isa = XCBuildConfiguration;
			buildSettings = {
				ALWAYS_SEARCH_USER_PATHS = NO;
				ASSETCATALOG_COMPILER_GENERATE_SWIFT_ASSET_SYMBOL_EXTENSIONS = YES;
				CLANG_ANALYZER_NONNULL = YES;
				CLANG_ANALYZER_NUMBER_OBJECT_CONVERSION = YES_AGGRESSIVE;
				CLANG_CXX_LANGUAGE_STANDARD = "gnu++20";
				CLANG_ENABLE_MODULES = YES;
				CLANG_ENABLE_OBJC_ARC = YES;
				CLANG_ENABLE_OBJC_WEAK = YES;
				CLANG_WARN_BLOCK_CAPTURE_AUTORELEASING = YES;
				CLANG_WARN_BOOL_CONVERSION = YES;
				CLANG_WARN_COMMA = YES;
				CLANG_WARN_CONSTANT_CONVERSION = YES;
				CLANG_WARN_DEPRECATED_OBJC_IMPLEMENTATIONS = YES;
				CLANG_WARN_DIRECT_OBJC_ISA_USAGE = YES_ERROR;
				CLANG_WARN_DOCUMENTATION_COMMENTS = YES;
				CLANG_WARN_EMPTY_BODY = YES;
				CLANG_WARN_ENUM_CONVERSION = YES;
				CLANG_WARN_INFINITE_RECURSION = YES;
				CLANG_WARN_INT_CONVERSION = YES;
				CLANG_WARN_NON_LITERAL_NULL_CONVERSION = YES;
				CLANG_WARN_OBJC_IMPLICIT_RETAIN_SELF = YES;
				CLANG_WARN_OBJC_LITERAL_CONVERSION = YES;
				CLANG_WARN_OBJC_ROOT_CLASS = YES_ERROR;
				CLANG_WARN_QUOTED_INCLUDE_IN_FRAMEWORK_HEADER = YES;
				CLANG_WARN_RANGE_LOOP_ANALYSIS = YES;
				CLANG_WARN_STRICT_PROTOTYPES = YES;
				CLANG_WARN_SUSPICIOUS_MOVE = YES;
				CLANG_WARN_UNGUARDED_AVAILABILITY = YES_AGGRESSIVE;
				CLANG_WARN_UNREACHABLE_CODE = YES;
				CLANG_WARN__DUPLICATE_METHOD_MATCH = YES;
				COPY_PHASE_STRIP = NO;
				DEBUG_INFORMATION_FORMAT = dwarf;
				ENABLE_STRICT_OBJC_MSGSEND = YES;
				ENABLE_TESTABILITY = YES;
				ENABLE_USER_SCRIPT_SANDBOXING = YES;
				GCC_C_LANGUAGE_STANDARD = gnu17;
				GCC_DYNAMIC_NO_PIC = NO;
				GCC_NO_COMMON_BLOCKS = YES;
				GCC_OPTIMIZATION_LEVEL = 0;
				GCC_PREPROCESSOR_DEFINITIONS = (
					"DEBUG=1",
					"$(inherited)",
				);
				GCC_WARN_64_TO_32_BIT_CONVERSION = YES;
				GCC_WARN_ABOUT_RETURN_TYPE = YES_ERROR;
				GCC_WARN_UNDECLARED_SELECTOR = YES;
				GCC_WARN_UNINITIALIZED_AUTOS = YES_AGGRESSIVE;
				GCC_WARN_UNUSED_FUNCTION = YES;
				GCC_WARN_UNUSED_VARIABLE = YES;
				LOCALIZATION_PREFERS_STRING_CATALOGS = YES;
				MTL_ENABLE_DEBUG_INFO = INCLUDE_SOURCE;
				MTL_FAST_MATH = YES;
				ONLY_ACTIVE_ARCH = YES;
				SWIFT_ACTIVE_COMPILATION_CONDITIONS = "DEBUG $(inherited)";
				SWIFT_OPTIMIZATION_LEVEL = "-Onone";
			};
			name = Debug;
		};
		A35BB87C2CF6FC05003F1D1E /* Release */ = {
			isa = XCBuildConfiguration;
			buildSettings = {
				ALWAYS_SEARCH_USER_PATHS = NO;
				ASSETCATALOG_COMPILER_GENERATE_SWIFT_ASSET_SYMBOL_EXTENSIONS = YES;
				CLANG_ANALYZER_NONNULL = YES;
				CLANG_ANALYZER_NUMBER_OBJECT_CONVERSION = YES_AGGRESSIVE;
				CLANG_CXX_LANGUAGE_STANDARD = "gnu++20";
				CLANG_ENABLE_MODULES = YES;
				CLANG_ENABLE_OBJC_ARC = YES;
				CLANG_ENABLE_OBJC_WEAK = YES;
				CLANG_WARN_BLOCK_CAPTURE_AUTORELEASING = YES;
				CLANG_WARN_BOOL_CONVERSION = YES;
				CLANG_WARN_COMMA = YES;
				CLANG_WARN_CONSTANT_CONVERSION = YES;
				CLANG_WARN_DEPRECATED_OBJC_IMPLEMENTATIONS = YES;
				CLANG_WARN_DIRECT_OBJC_ISA_USAGE = YES_ERROR;
				CLANG_WARN_DOCUMENTATION_COMMENTS = YES;
				CLANG_WARN_EMPTY_BODY = YES;
				CLANG_WARN_ENUM_CONVERSION = YES;
				CLANG_WARN_INFINITE_RECURSION = YES;
				CLANG_WARN_INT_CONVERSION = YES;
				CLANG_WARN_NON_LITERAL_NULL_CONVERSION = YES;
				CLANG_WARN_OBJC_IMPLICIT_RETAIN_SELF = YES;
				CLANG_WARN_OBJC_LITERAL_CONVERSION = YES;
				CLANG_WARN_OBJC_ROOT_CLASS = YES_ERROR;
				CLANG_WARN_QUOTED_INCLUDE_IN_FRAMEWORK_HEADER = YES;
				CLANG_WARN_RANGE_LOOP_ANALYSIS = YES;
				CLANG_WARN_STRICT_PROTOTYPES = YES;
				CLANG_WARN_SUSPICIOUS_MOVE = YES;
				CLANG_WARN_UNGUARDED_AVAILABILITY = YES_AGGRESSIVE;
				CLANG_WARN_UNREACHABLE_CODE = YES;
				CLANG_WARN__DUPLICATE_METHOD_MATCH = YES;
				COPY_PHASE_STRIP = NO;
				DEBUG_INFORMATION_FORMAT = "dwarf-with-dsym";
				ENABLE_NS_ASSERTIONS = NO;
				ENABLE_STRICT_OBJC_MSGSEND = YES;
				ENABLE_USER_SCRIPT_SANDBOXING = YES;
				GCC_C_LANGUAGE_STANDARD = gnu17;
				GCC_NO_COMMON_BLOCKS = YES;
				GCC_WARN_64_TO_32_BIT_CONVERSION = YES;
				GCC_WARN_ABOUT_RETURN_TYPE = YES_ERROR;
				GCC_WARN_UNDECLARED_SELECTOR = YES;
				GCC_WARN_UNINITIALIZED_AUTOS = YES_AGGRESSIVE;
				GCC_WARN_UNUSED_FUNCTION = YES;
				GCC_WARN_UNUSED_VARIABLE = YES;
				LOCALIZATION_PREFERS_STRING_CATALOGS = YES;
				MTL_ENABLE_DEBUG_INFO = NO;
				MTL_FAST_MATH = YES;
				SWIFT_COMPILATION_MODE = wholemodule;
			};
			name = Release;
		};
		A35BB87E2CF6FC05003F1D1E /* Debug */ = {
			isa = XCBuildConfiguration;
			buildSettings = {
				ASSETCATALOG_COMPILER_APPICON_NAME = AppIcon;
				ASSETCATALOG_COMPILER_GLOBAL_ACCENT_COLOR_NAME = AccentColor;
				CODE_SIGN_ENTITLEMENTS = BudgetApp/BudgetApp.entitlements;
				CODE_SIGN_STYLE = Automatic;
				CURRENT_PROJECT_VERSION = 1;
				DEVELOPMENT_ASSET_PATHS = "\"BudgetApp/Preview Content\"";
				DEVELOPMENT_TEAM = H8Q452Q9H8;
				ENABLE_HARDENED_RUNTIME = YES;
				ENABLE_PREVIEWS = YES;
				GENERATE_INFOPLIST_FILE = YES;
				"INFOPLIST_KEY_UIApplicationSceneManifest_Generation[sdk=iphoneos*]" = YES;
				"INFOPLIST_KEY_UIApplicationSceneManifest_Generation[sdk=iphonesimulator*]" = YES;
				"INFOPLIST_KEY_UIApplicationSupportsIndirectInputEvents[sdk=iphoneos*]" = YES;
				"INFOPLIST_KEY_UIApplicationSupportsIndirectInputEvents[sdk=iphonesimulator*]" = YES;
				"INFOPLIST_KEY_UILaunchScreen_Generation[sdk=iphoneos*]" = YES;
				"INFOPLIST_KEY_UILaunchScreen_Generation[sdk=iphonesimulator*]" = YES;
				"INFOPLIST_KEY_UIStatusBarStyle[sdk=iphoneos*]" = UIStatusBarStyleDefault;
				"INFOPLIST_KEY_UIStatusBarStyle[sdk=iphonesimulator*]" = UIStatusBarStyleDefault;
				INFOPLIST_KEY_UISupportedInterfaceOrientations_iPad = "UIInterfaceOrientationPortrait UIInterfaceOrientationPortraitUpsideDown UIInterfaceOrientationLandscapeLeft UIInterfaceOrientationLandscapeRight";
				INFOPLIST_KEY_UISupportedInterfaceOrientations_iPhone = "UIInterfaceOrientationPortrait UIInterfaceOrientationLandscapeLeft UIInterfaceOrientationLandscapeRight";
				IPHONEOS_DEPLOYMENT_TARGET = 17.5;
				LD_RUNPATH_SEARCH_PATHS = "@executable_path/Frameworks";
				"LD_RUNPATH_SEARCH_PATHS[sdk=macosx*]" = "@executable_path/../Frameworks";
				MACOSX_DEPLOYMENT_TARGET = 14.5;
				MARKETING_VERSION = 1.0;
				PRODUCT_BUNDLE_IDENTIFIER = com.safiribytes.BudgetApp;
				PRODUCT_NAME = "$(TARGET_NAME)";
				SDKROOT = auto;
				SUPPORTED_PLATFORMS = "iphoneos iphonesimulator macosx";
				SWIFT_EMIT_LOC_STRINGS = YES;
				SWIFT_VERSION = 5.0;
				TARGETED_DEVICE_FAMILY = "1,2";
			};
			name = Debug;
		};
		A35BB87F2CF6FC05003F1D1E /* Release */ = {
			isa = XCBuildConfiguration;
			buildSettings = {
				ASSETCATALOG_COMPILER_APPICON_NAME = AppIcon;
				ASSETCATALOG_COMPILER_GLOBAL_ACCENT_COLOR_NAME = AccentColor;
				CODE_SIGN_ENTITLEMENTS = BudgetApp/BudgetApp.entitlements;
				CODE_SIGN_STYLE = Automatic;
				CURRENT_PROJECT_VERSION = 1;
				DEVELOPMENT_ASSET_PATHS = "\"BudgetApp/Preview Content\"";
				DEVELOPMENT_TEAM = H8Q452Q9H8;
				ENABLE_HARDENED_RUNTIME = YES;
				ENABLE_PREVIEWS = YES;
				GENERATE_INFOPLIST_FILE = YES;
				"INFOPLIST_KEY_UIApplicationSceneManifest_Generation[sdk=iphoneos*]" = YES;
				"INFOPLIST_KEY_UIApplicationSceneManifest_Generation[sdk=iphonesimulator*]" = YES;
				"INFOPLIST_KEY_UIApplicationSupportsIndirectInputEvents[sdk=iphoneos*]" = YES;
				"INFOPLIST_KEY_UIApplicationSupportsIndirectInputEvents[sdk=iphonesimulator*]" = YES;
				"INFOPLIST_KEY_UILaunchScreen_Generation[sdk=iphoneos*]" = YES;
				"INFOPLIST_KEY_UILaunchScreen_Generation[sdk=iphonesimulator*]" = YES;
				"INFOPLIST_KEY_UIStatusBarStyle[sdk=iphoneos*]" = UIStatusBarStyleDefault;
				"INFOPLIST_KEY_UIStatusBarStyle[sdk=iphonesimulator*]" = UIStatusBarStyleDefault;
				INFOPLIST_KEY_UISupportedInterfaceOrientations_iPad = "UIInterfaceOrientationPortrait UIInterfaceOrientationPortraitUpsideDown UIInterfaceOrientationLandscapeLeft UIInterfaceOrientationLandscapeRight";
				INFOPLIST_KEY_UISupportedInterfaceOrientations_iPhone = "UIInterfaceOrientationPortrait UIInterfaceOrientationLandscapeLeft UIInterfaceOrientationLandscapeRight";
				IPHONEOS_DEPLOYMENT_TARGET = 17.5;
				LD_RUNPATH_SEARCH_PATHS = "@executable_path/Frameworks";
				"LD_RUNPATH_SEARCH_PATHS[sdk=macosx*]" = "@executable_path/../Frameworks";
				MACOSX_DEPLOYMENT_TARGET = 14.5;
				MARKETING_VERSION = 1.0;
				PRODUCT_BUNDLE_IDENTIFIER = com.safiribytes.BudgetApp;
				PRODUCT_NAME = "$(TARGET_NAME)";
				SDKROOT = auto;
				SUPPORTED_PLATFORMS = "iphoneos iphonesimulator macosx";
				SWIFT_EMIT_LOC_STRINGS = YES;
				SWIFT_VERSION = 5.0;
				TARGETED_DEVICE_FAMILY = "1,2";
			};
			name = Release;
		};
/* End XCBuildConfiguration section */

/* Begin XCConfigurationList section */
		A35BB8692CF6FC04003F1D1E /* Build configuration list for PBXProject "BudgetApp" */ = {
			isa = XCConfigurationList;
			buildConfigurations = (
				A35BB87B2CF6FC05003F1D1E /* Debug */,
				A35BB87C2CF6FC05003F1D1E /* Release */,
			);
			defaultConfigurationIsVisible = 0;
			defaultConfigurationName = Release;
		};
		A35BB87D2CF6FC05003F1D1E /* Build configuration list for PBXNativeTarget "BudgetApp" */ = {
			isa = XCConfigurationList;
			buildConfigurations = (
				A35BB87E2CF6FC05003F1D1E /* Debug */,
				A35BB87F2CF6FC05003F1D1E /* Release */,
			);
			defaultConfigurationIsVisible = 0;
			defaultConfigurationName = Release;
		};
/* End XCConfigurationList section */

/* Begin XCVersionGroup section */
		A35BB8852CF6FD49003F1D1E /* CoreDataModel.xcdatamodeld */ = {
			isa = XCVersionGroup;
			children = (
				A35BB8862CF6FD49003F1D1E /* CoreDataModel.xcdatamodel */,
			);
			currentVersion = A35BB8862CF6FD49003F1D1E /* CoreDataModel.xcdatamodel */;
			name = CoreDataModel.xcdatamodeld;
			path = /Users/martinwainaina/Desktop/Swift/BudgetApp/BudgetApp/Core/Models/CoreDataModel.xcdatamodeld;
			sourceTree = "<group>";
			versionGroupType = wrapper.xcdatamodel;
		};
/* End XCVersionGroup section */
	};
	rootObject = A35BB8662CF6FC04003F1D1E /* Project object */;
}
